
Microsoft Visual Studio Solution File, Format Version 12.00
# Visual Studio Version 17
VisualStudioVersion = 17.2.32630.192
MinimumVisualStudioVersion = 10.0.40219.1
Project("{FAE04EC0-301F-11D3-BF4B-00C04F79EFBC}") = "Demo", "Demo\Demo.csproj", "{48B97A34-6B98-43E8-AB43-58FD7BD5FA15}"
EndProject
Global
	GlobalSection(SolutionConfigurationPlatforms) = preSolution
		Debug|Any CPU = Debug|Any CPU
		Release|Any CPU = Release|Any CPU
	EndGlobalSection
	GlobalSection(ProjectConfigurationPlatforms) = postSolution
		{48B97A34-6B98-43E8-AB43-58FD7BD5FA15}.Debug|Any CPU.ActiveCfg = Debug|Any CPU
		{48B97A34-6B98-43E8-AB43-58FD7BD5FA15}.Debug|Any CPU.Build.0 = Debug|Any CPU
		{48B97A34-6B98-43E8-AB43-58FD7BD5FA15}.Release|Any CPU.ActiveCfg = Release|Any CPU
		{48B97A34-6B98-43E8-AB43-58FD7BD5FA15}.Release|Any CPU.Build.0 = Release|Any CPU
	EndGlobalSection
	GlobalSection(SolutionProperties) = preSolution
		HideSolutionNode = FALSE
	EndGlobalSection
	GlobalSection(ExtensibilityGlobals) = postSolution
		SolutionGuid = {95D92568-44E1-453C-8927-002CB10E83A7}
	EndGlobalSection
EndGlobal
